
Microsoft Visual Studio Solution File, Format Version 12.00
# Visual Studio 15
VisualStudioVersion = 15.0.27130.2036
MinimumVisualStudioVersion = 10.0.40219.1
Project("{FAE04EC0-301F-11D3-BF4B-00C04F79EFBC}") = "IdentityServices", "IdentityServices\IdentityServices.csproj", "{792FE7B2-468C-4AE5-A695-41DC97B7A716}"
EndProject
Project("{FAE04EC0-301F-11D3-BF4B-00C04F79EFBC}") = "DemoApi", "DemoApi\DemoApi.csproj", "{4107687C-255B-406C-9819-CE842C84AA0C}"
EndProject
Global
	GlobalSection(SolutionConfigurationPlatforms) = preSolution
		Debug|Any CPU = Debug|Any CPU
		Release|Any CPU = Release|Any CPU
	EndGlobalSection
	GlobalSection(ProjectConfigurationPlatforms) = postSolution
		{792FE7B2-468C-4AE5-A695-41DC97B7A716}.Debug|Any CPU.ActiveCfg = Debug|Any CPU
		{792FE7B2-468C-4AE5-A695-41DC97B7A716}.Debug|Any CPU.Build.0 = Debug|Any CPU
		{792FE7B2-468C-4AE5-A695-41DC97B7A716}.Release|Any CPU.ActiveCfg = Release|Any CPU
		{792FE7B2-468C-4AE5-A695-41DC97B7A716}.Release|Any CPU.Build.0 = Release|Any CPU
		{4107687C-255B-406C-9819-CE842C84AA0C}.Debug|Any CPU.ActiveCfg = Debug|Any CPU
		{4107687C-255B-406C-9819-CE842C84AA0C}.Debug|Any CPU.Build.0 = Debug|Any CPU
		{4107687C-255B-406C-9819-CE842C84AA0C}.Release|Any CPU.ActiveCfg = Release|Any CPU
		{4107687C-255B-406C-9819-CE842C84AA0C}.Release|Any CPU.Build.0 = Release|Any CPU
	EndGlobalSection
	GlobalSection(SolutionProperties) = preSolution
		HideSolutionNode = FALSE
	EndGlobalSection
	GlobalSection(ExtensibilityGlobals) = postSolution
		SolutionGuid = {48D9D613-E5D9-4964-8CF9-2F8923B36A7A}
	EndGlobalSection
EndGlobal
